
Microsoft Visual Studio Solution File, Format Version 12.00
# Visual Studio Version 16
VisualStudioVersion = 16.0.33214.272
MinimumVisualStudioVersion = 10.0.40219.1
Project("{9A19103F-16F7-4668-BE54-9A1E7A4F7556}") = "Programmation-Systeme-Groupe-B", "Programmation-Systeme-Groupe-B\Programmation-Systeme-Groupe-B.csproj", "{2B7E5A7E-445F-452D-886E-AA6E1B1B809E}"
EndProject
Project("{9A19103F-16F7-4668-BE54-9A1E7A4F7556}") = "ProjetMVC", "ProjetMVC\ProjetMVC.csproj", "{BE44986C-5446-46DD-AC1A-71667BD26F28}"
EndProject
Project("{9A19103F-16F7-4668-BE54-9A1E7A4F7556}") = "Cryptosoft", "Cryptosoft\Cryptosoft.csproj", "{56B92C68-BDDD-4217-BDA4-82AF0122F4ED}"
EndProject
Global
	GlobalSection(SolutionConfigurationPlatforms) = preSolution
		Debug|Any CPU = Debug|Any CPU
		Release|Any CPU = Release|Any CPU
	EndGlobalSection
	GlobalSection(ProjectConfigurationPlatforms) = postSolution
		{2B7E5A7E-445F-452D-886E-AA6E1B1B809E}.Debug|Any CPU.ActiveCfg = Debug|Any CPU
		{2B7E5A7E-445F-452D-886E-AA6E1B1B809E}.Debug|Any CPU.Build.0 = Debug|Any CPU
		{2B7E5A7E-445F-452D-886E-AA6E1B1B809E}.Release|Any CPU.ActiveCfg = Release|Any CPU
		{2B7E5A7E-445F-452D-886E-AA6E1B1B809E}.Release|Any CPU.Build.0 = Release|Any CPU
		{BE44986C-5446-46DD-AC1A-71667BD26F28}.Debug|Any CPU.ActiveCfg = Debug|Any CPU
		{BE44986C-5446-46DD-AC1A-71667BD26F28}.Debug|Any CPU.Build.0 = Debug|Any CPU
		{BE44986C-5446-46DD-AC1A-71667BD26F28}.Release|Any CPU.ActiveCfg = Release|Any CPU
		{BE44986C-5446-46DD-AC1A-71667BD26F28}.Release|Any CPU.Build.0 = Release|Any CPU
		{56B92C68-BDDD-4217-BDA4-82AF0122F4ED}.Debug|Any CPU.ActiveCfg = Debug|Any CPU
		{56B92C68-BDDD-4217-BDA4-82AF0122F4ED}.Debug|Any CPU.Build.0 = Debug|Any CPU
		{56B92C68-BDDD-4217-BDA4-82AF0122F4ED}.Release|Any CPU.ActiveCfg = Release|Any CPU
		{56B92C68-BDDD-4217-BDA4-82AF0122F4ED}.Release|Any CPU.Build.0 = Release|Any CPU
	EndGlobalSection
	GlobalSection(SolutionProperties) = preSolution
		HideSolutionNode = FALSE
	EndGlobalSection
	GlobalSection(ExtensibilityGlobals) = postSolution
		SolutionGuid = {2F5D8953-AE91-4517-B243-CA3151CF0ACF}
	EndGlobalSection
EndGlobal
